// !$*UTF8*$!
{
	archiveVersion = 1;
	classes = {
	};
	objectVersion = 77;
	objects = {

/* Begin PBXBuildFile section */
		8BB3B33B2CFEDF4200CD985D /* Navigation in Frameworks */ = {isa = PBXBuildFile; productRef = 8BB3B33A2CFEDF4200CD985D /* Navigation */; };
		8BB3B33D2CFEF29D00CD985D /* FeedFeature in Frameworks */ = {isa = PBXBuildFile; productRef = 8BB3B33C2CFEF29D00CD985D /* FeedFeature */; };
		8BB3B33F2CFEF2A200CD985D /* LoginFeature in Frameworks */ = {isa = PBXBuildFile; productRef = 8BB3B33E2CFEF2A200CD985D /* LoginFeature */; };
/* End PBXBuildFile section */

/* Begin PBXContainerItemProxy section */
		8BB3B2A82CFE769E00CD985D /* PBXContainerItemProxy */ = {
			isa = PBXContainerItemProxy;
			containerPortal = 8BB3B2892CFE769D00CD985D /* Project object */;
			proxyType = 1;
			remoteGlobalIDString = 8BB3B2902CFE769D00CD985D;
			remoteInfo = EssenRezept;
		};
		8BB3B2B22CFE769E00CD985D /* PBXContainerItemProxy */ = {
			isa = PBXContainerItemProxy;
			containerPortal = 8BB3B2892CFE769D00CD985D /* Project object */;
			proxyType = 1;
			remoteGlobalIDString = 8BB3B2902CFE769D00CD985D;
			remoteInfo = EssenRezept;
		};
/* End PBXContainerItemProxy section */

/* Begin PBXFileReference section */
		8BB3B2912CFE769D00CD985D /* EssenRezept.app */ = {isa = PBXFileReference; explicitFileType = wrapper.application; includeInIndex = 0; path = EssenRezept.app; sourceTree = BUILT_PRODUCTS_DIR; };
		8BB3B2A72CFE769E00CD985D /* EssenRezeptTests.xctest */ = {isa = PBXFileReference; explicitFileType = wrapper.cfbundle; includeInIndex = 0; path = EssenRezeptTests.xctest; sourceTree = BUILT_PRODUCTS_DIR; };
		8BB3B2B12CFE769E00CD985D /* EssenRezeptUITests.xctest */ = {isa = PBXFileReference; explicitFileType = wrapper.cfbundle; includeInIndex = 0; path = EssenRezeptUITests.xctest; sourceTree = BUILT_PRODUCTS_DIR; };
/* End PBXFileReference section */

/* Begin PBXFileSystemSynchronizedBuildFileExceptionSet section */
		8BB3B2B92CFE769E00CD985D /* Exceptions for "EssenRezept" folder in "EssenRezept" target */ = {
			isa = PBXFileSystemSynchronizedBuildFileExceptionSet;
			membershipExceptions = (
				Info.plist,
			);
			target = 8BB3B2902CFE769D00CD985D /* EssenRezept */;
		};
/* End PBXFileSystemSynchronizedBuildFileExceptionSet section */

/* Begin PBXFileSystemSynchronizedRootGroup section */
		8BB3B2932CFE769D00CD985D /* EssenRezept */ = {
			isa = PBXFileSystemSynchronizedRootGroup;
			exceptions = (
				8BB3B2B92CFE769E00CD985D /* Exceptions for "EssenRezept" folder in "EssenRezept" target */,
			);
			path = EssenRezept;
			sourceTree = "<group>";
		};
		8BB3B2AA2CFE769E00CD985D /* EssenRezeptTests */ = {
			isa = PBXFileSystemSynchronizedRootGroup;
			path = EssenRezeptTests;
			sourceTree = "<group>";
		};
		8BB3B2B42CFE769E00CD985D /* EssenRezeptUITests */ = {
			isa = PBXFileSystemSynchronizedRootGroup;
			path = EssenRezeptUITests;
			sourceTree = "<group>";
		};
/* End PBXFileSystemSynchronizedRootGroup section */

/* Begin PBXFrameworksBuildPhase section */
		8BB3B28E2CFE769D00CD985D /* Frameworks */ = {
			isa = PBXFrameworksBuildPhase;
			buildActionMask = 2147483647;
			files = (
				8BB3B33F2CFEF2A200CD985D /* LoginFeature in Frameworks */,
				8BB3B33B2CFEDF4200CD985D /* Navigation in Frameworks */,
				8BB3B33D2CFEF29D00CD985D /* FeedFeature in Frameworks */,
			);
			runOnlyForDeploymentPostprocessing = 0;
		};
		8BB3B2A42CFE769E00CD985D /* Frameworks */ = {
			isa = PBXFrameworksBuildPhase;
			buildActionMask = 2147483647;
			files = (
			);
			runOnlyForDeploymentPostprocessing = 0;
		};
		8BB3B2AE2CFE769E00CD985D /* Frameworks */ = {
			isa = PBXFrameworksBuildPhase;
			buildActionMask = 2147483647;
			files = (
			);
			runOnlyForDeploymentPostprocessing = 0;
		};
/* End PBXFrameworksBuildPhase section */

/* Begin PBXGroup section */
		8BB3B2882CFE769D00CD985D = {
			isa = PBXGroup;
			children = (
				8BB3B2932CFE769D00CD985D /* EssenRezept */,
				8BB3B2AA2CFE769E00CD985D /* EssenRezeptTests */,
				8BB3B2B42CFE769E00CD985D /* EssenRezeptUITests */,
				8BB3B3392CFEDF4200CD985D /* Frameworks */,
				8BB3B2922CFE769D00CD985D /* Products */,
			);
			sourceTree = "<group>";
		};
		8BB3B2922CFE769D00CD985D /* Products */ = {
			isa = PBXGroup;
			children = (
				8BB3B2912CFE769D00CD985D /* EssenRezept.app */,
				8BB3B2A72CFE769E00CD985D /* EssenRezeptTests.xctest */,
				8BB3B2B12CFE769E00CD985D /* EssenRezeptUITests.xctest */,
			);
			name = Products;
			sourceTree = "<group>";
		};
		8BB3B3392CFEDF4200CD985D /* Frameworks */ = {
			isa = PBXGroup;
			children = (
			);
			name = Frameworks;
			sourceTree = "<group>";
		};
/* End PBXGroup section */

/* Begin PBXNativeTarget section */
		8BB3B2902CFE769D00CD985D /* EssenRezept */ = {
			isa = PBXNativeTarget;
			buildConfigurationList = 8BB3B2BA2CFE769E00CD985D /* Build configuration list for PBXNativeTarget "EssenRezept" */;
			buildPhases = (
				8BB3B28D2CFE769D00CD985D /* Sources */,
				8BB3B28E2CFE769D00CD985D /* Frameworks */,
				8BB3B28F2CFE769D00CD985D /* Resources */,
			);
			buildRules = (
			);
			dependencies = (
			);
			fileSystemSynchronizedGroups = (
				8BB3B2932CFE769D00CD985D /* EssenRezept */,
			);
			name = EssenRezept;
			packageProductDependencies = (
				8BB3B33A2CFEDF4200CD985D /* Navigation */,
				8BB3B33C2CFEF29D00CD985D /* FeedFeature */,
				8BB3B33E2CFEF2A200CD985D /* LoginFeature */,
			);
			productName = EssenRezept;
			productReference = 8BB3B2912CFE769D00CD985D /* EssenRezept.app */;
			productType = "com.apple.product-type.application";
		};
		8BB3B2A62CFE769E00CD985D /* EssenRezeptTests */ = {
			isa = PBXNativeTarget;
			buildConfigurationList = 8BB3B2BF2CFE769E00CD985D /* Build configuration list for PBXNativeTarget "EssenRezeptTests" */;
			buildPhases = (
				8BB3B2A32CFE769E00CD985D /* Sources */,
				8BB3B2A42CFE769E00CD985D /* Frameworks */,
				8BB3B2A52CFE769E00CD985D /* Resources */,
			);
			buildRules = (
			);
			dependencies = (
				8BB3B2A92CFE769E00CD985D /* PBXTargetDependency */,
			);
			fileSystemSynchronizedGroups = (
				8BB3B2AA2CFE769E00CD985D /* EssenRezeptTests */,
			);
			name = EssenRezeptTests;
			packageProductDependencies = (
			);
			productName = EssenRezeptTests;
			productReference = 8BB3B2A72CFE769E00CD985D /* EssenRezeptTests.xctest */;
			productType = "com.apple.product-type.bundle.unit-test";
		};
		8BB3B2B02CFE769E00CD985D /* EssenRezeptUITests */ = {
			isa = PBXNativeTarget;
			buildConfigurationList = 8BB3B2C22CFE769E00CD985D /* Build configuration list for PBXNativeTarget "EssenRezeptUITests" */;
			buildPhases = (
				8BB3B2AD2CFE769E00CD985D /* Sources */,
				8BB3B2AE2CFE769E00CD985D /* Frameworks */,
				8BB3B2AF2CFE769E00CD985D /* Resources */,
			);
			buildRules = (
			);
			dependencies = (
				8BB3B2B32CFE769E00CD985D /* PBXTargetDependency */,
			);
			fileSystemSynchronizedGroups = (
				8BB3B2B42CFE769E00CD985D /* EssenRezeptUITests */,
			);
			name = EssenRezeptUITests;
			packageProductDependencies = (
			);
			productName = EssenRezeptUITests;
			productReference = 8BB3B2B12CFE769E00CD985D /* EssenRezeptUITests.xctest */;
			productType = "com.apple.product-type.bundle.ui-testing";
		};
/* End PBXNativeTarget section */

/* Begin PBXProject section */
		8BB3B2892CFE769D00CD985D /* Project object */ = {
			isa = PBXProject;
			attributes = {
				BuildIndependentTargetsInParallel = 1;
				LastSwiftUpdateCheck = 1600;
				LastUpgradeCheck = 1600;
				TargetAttributes = {
					8BB3B2902CFE769D00CD985D = {
						CreatedOnToolsVersion = 16.0;
					};
					8BB3B2A62CFE769E00CD985D = {
						CreatedOnToolsVersion = 16.0;
						TestTargetID = 8BB3B2902CFE769D00CD985D;
					};
					8BB3B2B02CFE769E00CD985D = {
						CreatedOnToolsVersion = 16.0;
						TestTargetID = 8BB3B2902CFE769D00CD985D;
					};
				};
			};
			buildConfigurationList = 8BB3B28C2CFE769D00CD985D /* Build configuration list for PBXProject "EssenRezept" */;
			developmentRegion = en;
			hasScannedForEncodings = 0;
			knownRegions = (
				en,
				Base,
			);
			mainGroup = 8BB3B2882CFE769D00CD985D;
			minimizedProjectReferenceProxies = 1;
			preferredProjectObjectVersion = 77;
			productRefGroup = 8BB3B2922CFE769D00CD985D /* Products */;
			projectDirPath = "";
			projectRoot = "";
			targets = (
				8BB3B2902CFE769D00CD985D /* EssenRezept */,
				8BB3B2A62CFE769E00CD985D /* EssenRezeptTests */,
				8BB3B2B02CFE769E00CD985D /* EssenRezeptUITests */,
			);
		};
/* End PBXProject section */

/* Begin PBXResourcesBuildPhase section */
		8BB3B28F2CFE769D00CD985D /* Resources */ = {
			isa = PBXResourcesBuildPhase;
			buildActionMask = 2147483647;
			files = (
			);
			runOnlyForDeploymentPostprocessing = 0;
		};
		8BB3B2A52CFE769E00CD985D /* Resources */ = {
			isa = PBXResourcesBuildPhase;
			buildActionMask = 2147483647;
			files = (
			);
			runOnlyForDeploymentPostprocessing = 0;
		};
		8BB3B2AF2CFE769E00CD985D /* Resources */ = {
			isa = PBXResourcesBuildPhase;
			buildActionMask = 2147483647;
			files = (
			);
			runOnlyForDeploymentPostprocessing = 0;
		};
/* End PBXResourcesBuildPhase section */

/* Begin PBXSourcesBuildPhase section */
		8BB3B28D2CFE769D00CD985D /* Sources */ = {
			isa = PBXSourcesBuildPhase;
			buildActionMask = 2147483647;
			files = (
			);
			runOnlyForDeploymentPostprocessing = 0;
		};
		8BB3B2A32CFE769E00CD985D /* Sources */ = {
			isa = PBXSourcesBuildPhase;
			buildActionMask = 2147483647;
			files = (
			);
			runOnlyForDeploymentPostprocessing = 0;
		};
		8BB3B2AD2CFE769E00CD985D /* Sources */ = {
			isa = PBXSourcesBuildPhase;
			buildActionMask = 2147483647;
			files = (
			);
			runOnlyForDeploymentPostprocessing = 0;
		};
/* End PBXSourcesBuildPhase section */

/* Begin PBXTargetDependency section */
		8BB3B2A92CFE769E00CD985D /* PBXTargetDependency */ = {
			isa = PBXTargetDependency;
			target = 8BB3B2902CFE769D00CD985D /* EssenRezept */;
			targetProxy = 8BB3B2A82CFE769E00CD985D /* PBXContainerItemProxy */;
		};
		8BB3B2B32CFE769E00CD985D /* PBXTargetDependency */ = {
			isa = PBXTargetDependency;
			target = 8BB3B2902CFE769D00CD985D /* EssenRezept */;
			targetProxy = 8BB3B2B22CFE769E00CD985D /* PBXContainerItemProxy */;
		};
/* End PBXTargetDependency section */

/* Begin XCBuildConfiguration section */
		8BB3B2BB2CFE769E00CD985D /* Debug */ = {
			isa = XCBuildConfiguration;
			buildSettings = {
				ASSETCATALOG_COMPILER_APPICON_NAME = AppIcon;
				ASSETCATALOG_COMPILER_GLOBAL_ACCENT_COLOR_NAME = AccentColor;
				CODE_SIGN_STYLE = Automatic;
				CURRENT_PROJECT_VERSION = 1;
				DEVELOPMENT_TEAM = 7YX3D8UMCU;
				GENERATE_INFOPLIST_FILE = YES;
				INFOPLIST_FILE = EssenRezept/Info.plist;
				INFOPLIST_KEY_UIApplicationSupportsIndirectInputEvents = YES;
				INFOPLIST_KEY_UILaunchStoryboardName = LaunchScreen;
				INFOPLIST_KEY_UISupportedInterfaceOrientations = UIInterfaceOrientationPortrait;
				INFOPLIST_KEY_UISupportedInterfaceOrientations_iPad = "UIInterfaceOrientationLandscapeLeft UIInterfaceOrientationLandscapeRight UIInterfaceOrientationPortrait UIInterfaceOrientationPortraitUpsideDown";
				IPHONEOS_DEPLOYMENT_TARGET = 15;
				LD_RUNPATH_SEARCH_PATHS = (
					"$(inherited)",
					"@executable_path/Frameworks",
				);
				MARKETING_VERSION = 1.0;
				PRODUCT_BUNDLE_IDENTIFIER = gs.godoroja.EssenRezept;
				PRODUCT_NAME = "$(TARGET_NAME)";
				SUPPORTED_PLATFORMS = "iphoneos iphonesimulator";
				SUPPORTS_MACCATALYST = NO;
				SUPPORTS_MAC_DESIGNED_FOR_IPHONE_IPAD = NO;
				SUPPORTS_XR_DESIGNED_FOR_IPHONE_IPAD = NO;
				SWIFT_EMIT_LOC_STRINGS = YES;
				SWIFT_VERSION = 5.0;
				TARGETED_DEVICE_FAMILY = 1;
			};
			name = Debug;
		};
		8BB3B2BC2CFE769E00CD985D /* Release */ = {
			isa = XCBuildConfiguration;
			buildSettings = {
				ASSETCATALOG_COMPILER_APPICON_NAME = AppIcon;
				ASSETCATALOG_COMPILER_GLOBAL_ACCENT_COLOR_NAME = AccentColor;
				CODE_SIGN_STYLE = Automatic;
				CURRENT_PROJECT_VERSION = 1;
				DEVELOPMENT_TEAM = 7YX3D8UMCU;
				GENERATE_INFOPLIST_FILE = YES;
				INFOPLIST_FILE = EssenRezept/Info.plist;
				INFOPLIST_KEY_UIApplicationSupportsIndirectInputEvents = YES;
				INFOPLIST_KEY_UILaunchStoryboardName = LaunchScreen;
				INFOPLIST_KEY_UISupportedInterfaceOrientations = UIInterfaceOrientationPortrait;
				INFOPLIST_KEY_UISupportedInterfaceOrientations_iPad = "UIInterfaceOrientationLandscapeLeft UIInterfaceOrientationLandscapeRight UIInterfaceOrientationPortrait UIInterfaceOrientationPortraitUpsideDown";
				IPHONEOS_DEPLOYMENT_TARGET = 15;
				LD_RUNPATH_SEARCH_PATHS = (
					"$(inherited)",
					"@executable_path/Frameworks",
				);
				MARKETING_VERSION = 1.0;
				PRODUCT_BUNDLE_IDENTIFIER = gs.godoroja.EssenRezept;
				PRODUCT_NAME = "$(TARGET_NAME)";
				SUPPORTED_PLATFORMS = "iphoneos iphonesimulator";
				SUPPORTS_MACCATALYST = NO;
				SUPPORTS_MAC_DESIGNED_FOR_IPHONE_IPAD = NO;
				SUPPORTS_XR_DESIGNED_FOR_IPHONE_IPAD = NO;
				SWIFT_EMIT_LOC_STRINGS = YES;
				SWIFT_VERSION = 5.0;
				TARGETED_DEVICE_FAMILY = 1;
			};
			name = Release;
		};
		8BB3B2BD2CFE769E00CD985D /* Debug */ = {
			isa = XCBuildConfiguration;
			buildSettings = {
				ALWAYS_SEARCH_USER_PATHS = NO;
				ASSETCATALOG_COMPILER_GENERATE_SWIFT_ASSET_SYMBOL_EXTENSIONS = YES;
				CLANG_ANALYZER_NONNULL = YES;
				CLANG_ANALYZER_NUMBER_OBJECT_CONVERSION = YES_AGGRESSIVE;
				CLANG_CXX_LANGUAGE_STANDARD = "gnu++20";
				CLANG_ENABLE_MODULES = YES;
				CLANG_ENABLE_OBJC_ARC = YES;
				CLANG_ENABLE_OBJC_WEAK = YES;
				CLANG_WARN_BLOCK_CAPTURE_AUTORELEASING = YES;
				CLANG_WARN_BOOL_CONVERSION = YES;
				CLANG_WARN_COMMA = YES;
				CLANG_WARN_CONSTANT_CONVERSION = YES;
				CLANG_WARN_DEPRECATED_OBJC_IMPLEMENTATIONS = YES;
				CLANG_WARN_DIRECT_OBJC_ISA_USAGE = YES_ERROR;
				CLANG_WARN_DOCUMENTATION_COMMENTS = YES;
				CLANG_WARN_EMPTY_BODY = YES;
				CLANG_WARN_ENUM_CONVERSION = YES;
				CLANG_WARN_INFINITE_RECURSION = YES;
				CLANG_WARN_INT_CONVERSION = YES;
				CLANG_WARN_NON_LITERAL_NULL_CONVERSION = YES;
				CLANG_WARN_OBJC_IMPLICIT_RETAIN_SELF = YES;
				CLANG_WARN_OBJC_LITERAL_CONVERSION = YES;
				CLANG_WARN_OBJC_ROOT_CLASS = YES_ERROR;
				CLANG_WARN_QUOTED_INCLUDE_IN_FRAMEWORK_HEADER = YES;
				CLANG_WARN_RANGE_LOOP_ANALYSIS = YES;
				CLANG_WARN_STRICT_PROTOTYPES = YES;
				CLANG_WARN_SUSPICIOUS_MOVE = YES;
				CLANG_WARN_UNGUARDED_AVAILABILITY = YES_AGGRESSIVE;
				CLANG_WARN_UNREACHABLE_CODE = YES;
				CLANG_WARN__DUPLICATE_METHOD_MATCH = YES;
				COPY_PHASE_STRIP = NO;
				DEBUG_INFORMATION_FORMAT = dwarf;
				ENABLE_STRICT_OBJC_MSGSEND = YES;
				ENABLE_TESTABILITY = YES;
				ENABLE_USER_SCRIPT_SANDBOXING = YES;
				GCC_C_LANGUAGE_STANDARD = gnu17;
				GCC_DYNAMIC_NO_PIC = NO;
				GCC_NO_COMMON_BLOCKS = YES;
				GCC_OPTIMIZATION_LEVEL = 0;
				GCC_PREPROCESSOR_DEFINITIONS = (
					"DEBUG=1",
					"$(inherited)",
				);
				GCC_WARN_64_TO_32_BIT_CONVERSION = YES;
				GCC_WARN_ABOUT_RETURN_TYPE = YES_ERROR;
				GCC_WARN_UNDECLARED_SELECTOR = YES;
				GCC_WARN_UNINITIALIZED_AUTOS = YES_AGGRESSIVE;
				GCC_WARN_UNUSED_FUNCTION = YES;
				GCC_WARN_UNUSED_VARIABLE = YES;
				IPHONEOS_DEPLOYMENT_TARGET = 18.0;
				LOCALIZATION_PREFERS_STRING_CATALOGS = YES;
				MTL_ENABLE_DEBUG_INFO = INCLUDE_SOURCE;
				MTL_FAST_MATH = YES;
				ONLY_ACTIVE_ARCH = YES;
				SDKROOT = iphoneos;
				SWIFT_ACTIVE_COMPILATION_CONDITIONS = "DEBUG $(inherited)";
				SWIFT_OPTIMIZATION_LEVEL = "-Onone";
			};
			name = Debug;
		};
		8BB3B2BE2CFE769E00CD985D /* Release */ = {
			isa = XCBuildConfiguration;
			buildSettings = {
				ALWAYS_SEARCH_USER_PATHS = NO;
				ASSETCATALOG_COMPILER_GENERATE_SWIFT_ASSET_SYMBOL_EXTENSIONS = YES;
				CLANG_ANALYZER_NONNULL = YES;
				CLANG_ANALYZER_NUMBER_OBJECT_CONVERSION = YES_AGGRESSIVE;
				CLANG_CXX_LANGUAGE_STANDARD = "gnu++20";
				CLANG_ENABLE_MODULES = YES;
				CLANG_ENABLE_OBJC_ARC = YES;
				CLANG_ENABLE_OBJC_WEAK = YES;
				CLANG_WARN_BLOCK_CAPTURE_AUTORELEASING = YES;
				CLANG_WARN_BOOL_CONVERSION = YES;
				CLANG_WARN_COMMA = YES;
				CLANG_WARN_CONSTANT_CONVERSION = YES;
				CLANG_WARN_DEPRECATED_OBJC_IMPLEMENTATIONS = YES;
				CLANG_WARN_DIRECT_OBJC_ISA_USAGE = YES_ERROR;
				CLANG_WARN_DOCUMENTATION_COMMENTS = YES;
				CLANG_WARN_EMPTY_BODY = YES;
				CLANG_WARN_ENUM_CONVERSION = YES;
				CLANG_WARN_INFINITE_RECURSION = YES;
				CLANG_WARN_INT_CONVERSION = YES;
				CLANG_WARN_NON_LITERAL_NULL_CONVERSION = YES;
				CLANG_WARN_OBJC_IMPLICIT_RETAIN_SELF = YES;
				CLANG_WARN_OBJC_LITERAL_CONVERSION = YES;
				CLANG_WARN_OBJC_ROOT_CLASS = YES_ERROR;
				CLANG_WARN_QUOTED_INCLUDE_IN_FRAMEWORK_HEADER = YES;
				CLANG_WARN_RANGE_LOOP_ANALYSIS = YES;
				CLANG_WARN_STRICT_PROTOTYPES = YES;
				CLANG_WARN_SUSPICIOUS_MOVE = YES;
				CLANG_WARN_UNGUARDED_AVAILABILITY = YES_AGGRESSIVE;
				CLANG_WARN_UNREACHABLE_CODE = YES;
				CLANG_WARN__DUPLICATE_METHOD_MATCH = YES;
				COPY_PHASE_STRIP = NO;
				DEBUG_INFORMATION_FORMAT = "dwarf-with-dsym";
				ENABLE_NS_ASSERTIONS = NO;
				ENABLE_STRICT_OBJC_MSGSEND = YES;
				ENABLE_USER_SCRIPT_SANDBOXING = YES;
				GCC_C_LANGUAGE_STANDARD = gnu17;
				GCC_NO_COMMON_BLOCKS = YES;
				GCC_WARN_64_TO_32_BIT_CONVERSION = YES;
				GCC_WARN_ABOUT_RETURN_TYPE = YES_ERROR;
				GCC_WARN_UNDECLARED_SELECTOR = YES;
				GCC_WARN_UNINITIALIZED_AUTOS = YES_AGGRESSIVE;
				GCC_WARN_UNUSED_FUNCTION = YES;
				GCC_WARN_UNUSED_VARIABLE = YES;
				IPHONEOS_DEPLOYMENT_TARGET = 18.0;
				LOCALIZATION_PREFERS_STRING_CATALOGS = YES;
				MTL_ENABLE_DEBUG_INFO = NO;
				MTL_FAST_MATH = YES;
				SDKROOT = iphoneos;
				SWIFT_COMPILATION_MODE = wholemodule;
				VALIDATE_PRODUCT = YES;
			};
			name = Release;
		};
		8BB3B2C02CFE769E00CD985D /* Debug */ = {
			isa = XCBuildConfiguration;
			buildSettings = {
				BUNDLE_LOADER = "$(TEST_HOST)";
				CODE_SIGN_STYLE = Automatic;
				CURRENT_PROJECT_VERSION = 1;
				DEVELOPMENT_TEAM = 7YX3D8UMCU;
				GENERATE_INFOPLIST_FILE = YES;
				IPHONEOS_DEPLOYMENT_TARGET = 18.0;
				MARKETING_VERSION = 1.0;
				PRODUCT_BUNDLE_IDENTIFIER = gs.godoroja.EssenRezeptTests;
				PRODUCT_NAME = "$(TARGET_NAME)";
				SWIFT_EMIT_LOC_STRINGS = NO;
				SWIFT_VERSION = 5.0;
				TARGETED_DEVICE_FAMILY = "1,2";
				TEST_HOST = "$(BUILT_PRODUCTS_DIR)/EssenRezept.app/$(BUNDLE_EXECUTABLE_FOLDER_PATH)/EssenRezept";
			};
			name = Debug;
		};
		8BB3B2C12CFE769E00CD985D /* Release */ = {
			isa = XCBuildConfiguration;
			buildSettings = {
				BUNDLE_LOADER = "$(TEST_HOST)";
				CODE_SIGN_STYLE = Automatic;
				CURRENT_PROJECT_VERSION = 1;
				DEVELOPMENT_TEAM = 7YX3D8UMCU;
				GENERATE_INFOPLIST_FILE = YES;
				IPHONEOS_DEPLOYMENT_TARGET = 18.0;
				MARKETING_VERSION = 1.0;
				PRODUCT_BUNDLE_IDENTIFIER = gs.godoroja.EssenRezeptTests;
				PRODUCT_NAME = "$(TARGET_NAME)";
				SWIFT_EMIT_LOC_STRINGS = NO;
				SWIFT_VERSION = 5.0;
				TARGETED_DEVICE_FAMILY = "1,2";
				TEST_HOST = "$(BUILT_PRODUCTS_DIR)/EssenRezept.app/$(BUNDLE_EXECUTABLE_FOLDER_PATH)/EssenRezept";
			};
			name = Release;
		};
		8BB3B2C32CFE769E00CD985D /* Debug */ = {
			isa = XCBuildConfiguration;
			buildSettings = {
				CODE_SIGN_STYLE = Automatic;
				CURRENT_PROJECT_VERSION = 1;
				DEVELOPMENT_TEAM = 7YX3D8UMCU;
				GENERATE_INFOPLIST_FILE = YES;
				MARKETING_VERSION = 1.0;
				PRODUCT_BUNDLE_IDENTIFIER = gs.godoroja.EssenRezeptUITests;
				PRODUCT_NAME = "$(TARGET_NAME)";
				SWIFT_EMIT_LOC_STRINGS = NO;
				SWIFT_VERSION = 5.0;
				TARGETED_DEVICE_FAMILY = "1,2";
				TEST_TARGET_NAME = EssenRezept;
			};
			name = Debug;
		};
		8BB3B2C42CFE769E00CD985D /* Release */ = {
			isa = XCBuildConfiguration;
			buildSettings = {
				CODE_SIGN_STYLE = Automatic;
				CURRENT_PROJECT_VERSION = 1;
				DEVELOPMENT_TEAM = 7YX3D8UMCU;
				GENERATE_INFOPLIST_FILE = YES;
				MARKETING_VERSION = 1.0;
				PRODUCT_BUNDLE_IDENTIFIER = gs.godoroja.EssenRezeptUITests;
				PRODUCT_NAME = "$(TARGET_NAME)";
				SWIFT_EMIT_LOC_STRINGS = NO;
				SWIFT_VERSION = 5.0;
				TARGETED_DEVICE_FAMILY = "1,2";
				TEST_TARGET_NAME = EssenRezept;
			};
			name = Release;
		};
/* End XCBuildConfiguration section */

/* Begin XCConfigurationList section */
		8BB3B28C2CFE769D00CD985D /* Build configuration list for PBXProject "EssenRezept" */ = {
			isa = XCConfigurationList;
			buildConfigurations = (
				8BB3B2BD2CFE769E00CD985D /* Debug */,
				8BB3B2BE2CFE769E00CD985D /* Release */,
			);
			defaultConfigurationIsVisible = 0;
			defaultConfigurationName = Release;
		};
		8BB3B2BA2CFE769E00CD985D /* Build configuration list for PBXNativeTarget "EssenRezept" */ = {
			isa = XCConfigurationList;
			buildConfigurations = (
				8BB3B2BB2CFE769E00CD985D /* Debug */,
				8BB3B2BC2CFE769E00CD985D /* Release */,
			);
			defaultConfigurationIsVisible = 0;
			defaultConfigurationName = Release;
		};
		8BB3B2BF2CFE769E00CD985D /* Build configuration list for PBXNativeTarget "EssenRezeptTests" */ = {
			isa = XCConfigurationList;
			buildConfigurations = (
				8BB3B2C02CFE769E00CD985D /* Debug */,
				8BB3B2C12CFE769E00CD985D /* Release */,
			);
			defaultConfigurationIsVisible = 0;
			defaultConfigurationName = Release;
		};
		8BB3B2C22CFE769E00CD985D /* Build configuration list for PBXNativeTarget "EssenRezeptUITests" */ = {
			isa = XCConfigurationList;
			buildConfigurations = (
				8BB3B2C32CFE769E00CD985D /* Debug */,
				8BB3B2C42CFE769E00CD985D /* Release */,
			);
			defaultConfigurationIsVisible = 0;
			defaultConfigurationName = Release;
		};
/* End XCConfigurationList section */

/* Begin XCSwiftPackageProductDependency section */
		8BB3B33A2CFEDF4200CD985D /* Navigation */ = {
			isa = XCSwiftPackageProductDependency;
			productName = Navigation;
		};
		8BB3B33C2CFEF29D00CD985D /* FeedFeature */ = {
			isa = XCSwiftPackageProductDependency;
			productName = FeedFeature;
		};
		8BB3B33E2CFEF2A200CD985D /* LoginFeature */ = {
			isa = XCSwiftPackageProductDependency;
			productName = LoginFeature;
		};
/* End XCSwiftPackageProductDependency section */
	};
	rootObject = 8BB3B2892CFE769D00CD985D /* Project object */;
}
